
Microsoft Visual Studio Solution File, Format Version 12.00
# Visual Studio Version 17
VisualStudioVersion = 17.8.34330.188
MinimumVisualStudioVersion = 10.0.40219.1
Project("{FAE04EC0-301F-11D3-BF4B-00C04F79EFBC}") = "eSya.ManagePharmacy.WebAPI", "eSya.ManagePharmacy.WebAPI\eSya.ManagePharmacy.WebAPI.csproj", "{CAC1A044-D815-4244-B8EF-80CEC4A48453}"
EndProject
Project("{FAE04EC0-301F-11D3-BF4B-00C04F79EFBC}") = "eSya.ManagePharmacy.DO", "..\eSya.ManagePharmacy.DO\eSya.ManagePharmacy.DO\eSya.ManagePharmacy.DO.csproj", "{4C6BFAE1-6F53-430C-B5F4-6BB1CC0B859D}"
EndProject
Project("{FAE04EC0-301F-11D3-BF4B-00C04F79EFBC}") = "eSya.ManagePharmacy.IF", "..\eSya.ManagePharmacy.IF\eSya.ManagePharmacy.IF\eSya.ManagePharmacy.IF.csproj", "{E7B99856-4A6C-40AA-8D26-733C8884C7EB}"
EndProject
Project("{FAE04EC0-301F-11D3-BF4B-00C04F79EFBC}") = "eSya.ManagePharmacy.DL", "..\eSya.ManagePharmacy.DL\eSya.ManagePharmacy.DL\eSya.ManagePharmacy.DL.csproj", "{E8868B35-F9AA-4BC4-9F86-C43590526800}"
EndProject
Global
	GlobalSection(SolutionConfigurationPlatforms) = preSolution
		Debug|Any CPU = Debug|Any CPU
		Release|Any CPU = Release|Any CPU
	EndGlobalSection
	GlobalSection(ProjectConfigurationPlatforms) = postSolution
		{CAC1A044-D815-4244-B8EF-80CEC4A48453}.Debug|Any CPU.ActiveCfg = Debug|Any CPU
		{CAC1A044-D815-4244-B8EF-80CEC4A48453}.Debug|Any CPU.Build.0 = Debug|Any CPU
		{CAC1A044-D815-4244-B8EF-80CEC4A48453}.Release|Any CPU.ActiveCfg = Release|Any CPU
		{CAC1A044-D815-4244-B8EF-80CEC4A48453}.Release|Any CPU.Build.0 = Release|Any CPU
		{4C6BFAE1-6F53-430C-B5F4-6BB1CC0B859D}.Debug|Any CPU.ActiveCfg = Debug|Any CPU
		{4C6BFAE1-6F53-430C-B5F4-6BB1CC0B859D}.Debug|Any CPU.Build.0 = Debug|Any CPU
		{4C6BFAE1-6F53-430C-B5F4-6BB1CC0B859D}.Release|Any CPU.ActiveCfg = Release|Any CPU
		{4C6BFAE1-6F53-430C-B5F4-6BB1CC0B859D}.Release|Any CPU.Build.0 = Release|Any CPU
		{E7B99856-4A6C-40AA-8D26-733C8884C7EB}.Debug|Any CPU.ActiveCfg = Debug|Any CPU
		{E7B99856-4A6C-40AA-8D26-733C8884C7EB}.Debug|Any CPU.Build.0 = Debug|Any CPU
		{E7B99856-4A6C-40AA-8D26-733C8884C7EB}.Release|Any CPU.ActiveCfg = Release|Any CPU
		{E7B99856-4A6C-40AA-8D26-733C8884C7EB}.Release|Any CPU.Build.0 = Release|Any CPU
		{E8868B35-F9AA-4BC4-9F86-C43590526800}.Debug|Any CPU.ActiveCfg = Debug|Any CPU
		{E8868B35-F9AA-4BC4-9F86-C43590526800}.Debug|Any CPU.Build.0 = Debug|Any CPU
		{E8868B35-F9AA-4BC4-9F86-C43590526800}.Release|Any CPU.ActiveCfg = Release|Any CPU
		{E8868B35-F9AA-4BC4-9F86-C43590526800}.Release|Any CPU.Build.0 = Release|Any CPU
	EndGlobalSection
	GlobalSection(SolutionProperties) = preSolution
		HideSolutionNode = FALSE
	EndGlobalSection
	GlobalSection(ExtensibilityGlobals) = postSolution
		SolutionGuid = {A4251C33-6331-4646-825F-3676F90E0749}
	EndGlobalSection
EndGlobal
